
Microsoft Visual Studio Solution File, Format Version 12.00
# Visual Studio Version 17
VisualStudioVersion = 17.0.31903.59
MinimumVisualStudioVersion = 10.0.40219.1
Project("{FAE04EC0-301F-11D3-BF4B-00C04F79EFBC}") = "OpenElection.Microservice", "OpenElection.Microservice\OpenElection.Microservice.csproj", "{C7A67E47-EC0F-4BA3-9C67-20C8AB14C29B}"
EndProject
Project("{FAE04EC0-301F-11D3-BF4B-00C04F79EFBC}") = "OpenElection.Central", "OpenElection.Central\OpenElection.Central.csproj", "{CD7F2E1D-9F3A-4B99-A315-BB634373F3B4}"
EndProject
Project("{FAE04EC0-301F-11D3-BF4B-00C04F79EFBC}") = "OpenElection.Portal", "OpenElection.Portal\OpenElection.Portal.csproj", "{FF6F9306-47C8-4613-A7FB-0BA0AB379498}"
EndProject
Project("{FAE04EC0-301F-11D3-BF4B-00C04F79EFBC}") = "OpenElection.Central.Infrastructure", "OpenElection.Central.Infrastructure\OpenElection.Central.Infrastructure.csproj", "{B682161D-96E1-4584-872D-1409CD7E0B21}"
EndProject
Project("{FAE04EC0-301F-11D3-BF4B-00C04F79EFBC}") = "OpenElection.Booth", "OpenElection.Booth\OpenElection.Booth.csproj", "{C42CBC71-AEA8-4139-8DAF-88A15F605BD2}"
EndProject
Project("{FAE04EC0-301F-11D3-BF4B-00C04F79EFBC}") = "OpenElection.Central.Domain", "OpenElection.Central.Domain\OpenElection.Central.Domain.csproj", "{1AC40199-9A6F-4430-8044-2E608EBC60D0}"
EndProject
Project("{54a90642-561a-4bb1-a94e-469adee60c69}") = "openelection.booth.web", "openelection.booth.web\openelection.booth.web.esproj", "{BA25BBD4-111B-4709-8010-47A8D9D981F4}"
EndProject
Project("{54a90642-561a-4bb1-a94e-469adee60c69}") = "openelection.portal.web", "openelection.portal.web\openelection.portal.web.esproj", "{1580DDB9-F791-4D1C-8C4C-08268C529CA4}"
EndProject
Global
	GlobalSection(SolutionConfigurationPlatforms) = preSolution
		Debug|Any CPU = Debug|Any CPU
		Release|Any CPU = Release|Any CPU
	EndGlobalSection
	GlobalSection(SolutionProperties) = preSolution
		HideSolutionNode = FALSE
	EndGlobalSection
	GlobalSection(ProjectConfigurationPlatforms) = postSolution
		{C7A67E47-EC0F-4BA3-9C67-20C8AB14C29B}.Debug|Any CPU.ActiveCfg = Debug|Any CPU
		{C7A67E47-EC0F-4BA3-9C67-20C8AB14C29B}.Debug|Any CPU.Build.0 = Debug|Any CPU
		{C7A67E47-EC0F-4BA3-9C67-20C8AB14C29B}.Release|Any CPU.ActiveCfg = Release|Any CPU
		{C7A67E47-EC0F-4BA3-9C67-20C8AB14C29B}.Release|Any CPU.Build.0 = Release|Any CPU
		{CD7F2E1D-9F3A-4B99-A315-BB634373F3B4}.Debug|Any CPU.ActiveCfg = Debug|Any CPU
		{CD7F2E1D-9F3A-4B99-A315-BB634373F3B4}.Debug|Any CPU.Build.0 = Debug|Any CPU
		{CD7F2E1D-9F3A-4B99-A315-BB634373F3B4}.Release|Any CPU.ActiveCfg = Release|Any CPU
		{CD7F2E1D-9F3A-4B99-A315-BB634373F3B4}.Release|Any CPU.Build.0 = Release|Any CPU
		{FF6F9306-47C8-4613-A7FB-0BA0AB379498}.Debug|Any CPU.ActiveCfg = Debug|Any CPU
		{FF6F9306-47C8-4613-A7FB-0BA0AB379498}.Debug|Any CPU.Build.0 = Debug|Any CPU
		{FF6F9306-47C8-4613-A7FB-0BA0AB379498}.Release|Any CPU.ActiveCfg = Release|Any CPU
		{FF6F9306-47C8-4613-A7FB-0BA0AB379498}.Release|Any CPU.Build.0 = Release|Any CPU
		{B682161D-96E1-4584-872D-1409CD7E0B21}.Debug|Any CPU.ActiveCfg = Debug|Any CPU
		{B682161D-96E1-4584-872D-1409CD7E0B21}.Debug|Any CPU.Build.0 = Debug|Any CPU
		{B682161D-96E1-4584-872D-1409CD7E0B21}.Release|Any CPU.ActiveCfg = Release|Any CPU
		{B682161D-96E1-4584-872D-1409CD7E0B21}.Release|Any CPU.Build.0 = Release|Any CPU
		{C42CBC71-AEA8-4139-8DAF-88A15F605BD2}.Debug|Any CPU.ActiveCfg = Debug|Any CPU
		{C42CBC71-AEA8-4139-8DAF-88A15F605BD2}.Debug|Any CPU.Build.0 = Debug|Any CPU
		{C42CBC71-AEA8-4139-8DAF-88A15F605BD2}.Release|Any CPU.ActiveCfg = Release|Any CPU
		{C42CBC71-AEA8-4139-8DAF-88A15F605BD2}.Release|Any CPU.Build.0 = Release|Any CPU
		{1AC40199-9A6F-4430-8044-2E608EBC60D0}.Debug|Any CPU.ActiveCfg = Debug|Any CPU
		{1AC40199-9A6F-4430-8044-2E608EBC60D0}.Debug|Any CPU.Build.0 = Debug|Any CPU
		{1AC40199-9A6F-4430-8044-2E608EBC60D0}.Release|Any CPU.ActiveCfg = Release|Any CPU
		{1AC40199-9A6F-4430-8044-2E608EBC60D0}.Release|Any CPU.Build.0 = Release|Any CPU
		{BA25BBD4-111B-4709-8010-47A8D9D981F4}.Debug|Any CPU.ActiveCfg = Debug|Any CPU
		{BA25BBD4-111B-4709-8010-47A8D9D981F4}.Debug|Any CPU.Build.0 = Debug|Any CPU
		{BA25BBD4-111B-4709-8010-47A8D9D981F4}.Release|Any CPU.ActiveCfg = Release|Any CPU
		{BA25BBD4-111B-4709-8010-47A8D9D981F4}.Release|Any CPU.Build.0 = Release|Any CPU
		{1580DDB9-F791-4D1C-8C4C-08268C529CA4}.Debug|Any CPU.ActiveCfg = Debug|Any CPU
		{1580DDB9-F791-4D1C-8C4C-08268C529CA4}.Debug|Any CPU.Build.0 = Debug|Any CPU
		{1580DDB9-F791-4D1C-8C4C-08268C529CA4}.Release|Any CPU.ActiveCfg = Release|Any CPU
		{1580DDB9-F791-4D1C-8C4C-08268C529CA4}.Release|Any CPU.Build.0 = Release|Any CPU
	EndGlobalSection
	GlobalSection(NestedProjects) = preSolution
	EndGlobalSection
EndGlobal
