
Microsoft Visual Studio Solution File, Format Version 12.00
# Visual Studio Version 17
VisualStudioVersion = 17.0.31903.59
MinimumVisualStudioVersion = 10.0.40219.1
Project("{FAE04EC0-301F-11D3-BF4B-00C04F79EFBC}") = "OpenElection.Microservice", "OpenElection.Microservice\OpenElection.Microservice.csproj", "{C7A67E47-EC0F-4BA3-9C67-20C8AB14C29B}"
EndProject
Project("{FAE04EC0-301F-11D3-BF4B-00C04F79EFBC}") = "OpenElection.Central", "OpenElection.Central\OpenElection.Central.csproj", "{CD7F2E1D-9F3A-4B99-A315-BB634373F3B4}"
EndProject
Project("{FAE04EC0-301F-11D3-BF4B-00C04F79EFBC}") = "OpenElection.Portal", "OpenElection.Portal\OpenElection.Portal.csproj", "{FF6F9306-47C8-4613-A7FB-0BA0AB379498}"
EndProject
Project("{FAE04EC0-301F-11D3-BF4B-00C04F79EFBC}") = "OpenElection.Central.Infrastructure", "OpenElection.Central.Infrastructure\OpenElection.Central.Infrastructure.csproj", "{B682161D-96E1-4584-872D-1409CD7E0B21}"
EndProject
Project("{FAE04EC0-301F-11D3-BF4B-00C04F79EFBC}") = "OpenElection.Booth", "OpenElection.Booth\OpenElection.Booth.csproj", "{C42CBC71-AEA8-4139-8DAF-88A15F605BD2}"
EndProject
Project("{FAE04EC0-301F-11D3-BF4B-00C04F79EFBC}") = "OpenElection.Central.Domain", "OpenElection.Central.Domain\OpenElection.Central.Domain.csproj", "{1AC40199-9A6F-4430-8044-2E608EBC60D0}"
EndProject
Project("{54A90642-561A-4BB1-A94E-469ADEE60C69}") = "openelection.portal.web", "openelection.portal.web\openelection.portal.web.esproj", "{26F934F2-EA45-4BC0-BE5E-9BA7A68D3D7D}"
EndProject
Project("{2150E333-8FDC-42A3-9474-1A3956D46DE8}") = "lib", "lib", "{A3076507-5989-4BDE-A1FD-E920A50394D8}"
EndProject
Project("{2150E333-8FDC-42A3-9474-1A3956D46DE8}") = "apps", "apps", "{8FD3C203-ACA7-47B8-B64F-86DDC6989AD6}"
EndProject
Project("{2150E333-8FDC-42A3-9474-1A3956D46DE8}") = "Solution Items", "Solution Items", "{EBA8A1F0-76DD-466D-AE85-3F5811BBCFBB}"
	ProjectSection(SolutionItems) = preProject
		compose.yaml = compose.yaml
	EndProjectSection
EndProject
Project("{FAE04EC0-301F-11D3-BF4B-00C04F79EFBC}") = "OpenElection.HealthChecks", "OpenElection.HealthChecks\OpenElection.HealthChecks.csproj", "{6D8903CA-B842-48F1-BC3D-FFF68CCA68C6}"
EndProject
Project("{54A90642-561A-4BB1-A94E-469ADEE60C69}") = "openelection.booth.web", "openelection.booth.web\openelection.booth.web.esproj", "{04597E5A-42DC-47E5-8572-00A9ECF13C85}"
EndProject
Global
	GlobalSection(SolutionConfigurationPlatforms) = preSolution
		Debug|Any CPU = Debug|Any CPU
		Debug|x64 = Debug|x64
		Debug|x86 = Debug|x86
		Release|Any CPU = Release|Any CPU
		Release|x64 = Release|x64
		Release|x86 = Release|x86
	EndGlobalSection
	GlobalSection(ProjectConfigurationPlatforms) = postSolution
		{C7A67E47-EC0F-4BA3-9C67-20C8AB14C29B}.Debug|Any CPU.ActiveCfg = Debug|Any CPU
		{C7A67E47-EC0F-4BA3-9C67-20C8AB14C29B}.Debug|Any CPU.Build.0 = Debug|Any CPU
		{C7A67E47-EC0F-4BA3-9C67-20C8AB14C29B}.Debug|x64.ActiveCfg = Debug|Any CPU
		{C7A67E47-EC0F-4BA3-9C67-20C8AB14C29B}.Debug|x64.Build.0 = Debug|Any CPU
		{C7A67E47-EC0F-4BA3-9C67-20C8AB14C29B}.Debug|x86.ActiveCfg = Debug|Any CPU
		{C7A67E47-EC0F-4BA3-9C67-20C8AB14C29B}.Debug|x86.Build.0 = Debug|Any CPU
		{C7A67E47-EC0F-4BA3-9C67-20C8AB14C29B}.Release|Any CPU.ActiveCfg = Release|Any CPU
		{C7A67E47-EC0F-4BA3-9C67-20C8AB14C29B}.Release|Any CPU.Build.0 = Release|Any CPU
		{C7A67E47-EC0F-4BA3-9C67-20C8AB14C29B}.Release|x64.ActiveCfg = Release|Any CPU
		{C7A67E47-EC0F-4BA3-9C67-20C8AB14C29B}.Release|x64.Build.0 = Release|Any CPU
		{C7A67E47-EC0F-4BA3-9C67-20C8AB14C29B}.Release|x86.ActiveCfg = Release|Any CPU
		{C7A67E47-EC0F-4BA3-9C67-20C8AB14C29B}.Release|x86.Build.0 = Release|Any CPU
		{CD7F2E1D-9F3A-4B99-A315-BB634373F3B4}.Debug|Any CPU.ActiveCfg = Debug|Any CPU
		{CD7F2E1D-9F3A-4B99-A315-BB634373F3B4}.Debug|Any CPU.Build.0 = Debug|Any CPU
		{CD7F2E1D-9F3A-4B99-A315-BB634373F3B4}.Debug|x64.ActiveCfg = Debug|Any CPU
		{CD7F2E1D-9F3A-4B99-A315-BB634373F3B4}.Debug|x64.Build.0 = Debug|Any CPU
		{CD7F2E1D-9F3A-4B99-A315-BB634373F3B4}.Debug|x86.ActiveCfg = Debug|Any CPU
		{CD7F2E1D-9F3A-4B99-A315-BB634373F3B4}.Debug|x86.Build.0 = Debug|Any CPU
		{CD7F2E1D-9F3A-4B99-A315-BB634373F3B4}.Release|Any CPU.ActiveCfg = Release|Any CPU
		{CD7F2E1D-9F3A-4B99-A315-BB634373F3B4}.Release|Any CPU.Build.0 = Release|Any CPU
		{CD7F2E1D-9F3A-4B99-A315-BB634373F3B4}.Release|x64.ActiveCfg = Release|Any CPU
		{CD7F2E1D-9F3A-4B99-A315-BB634373F3B4}.Release|x64.Build.0 = Release|Any CPU
		{CD7F2E1D-9F3A-4B99-A315-BB634373F3B4}.Release|x86.ActiveCfg = Release|Any CPU
		{CD7F2E1D-9F3A-4B99-A315-BB634373F3B4}.Release|x86.Build.0 = Release|Any CPU
		{FF6F9306-47C8-4613-A7FB-0BA0AB379498}.Debug|Any CPU.ActiveCfg = Debug|Any CPU
		{FF6F9306-47C8-4613-A7FB-0BA0AB379498}.Debug|Any CPU.Build.0 = Debug|Any CPU
		{FF6F9306-47C8-4613-A7FB-0BA0AB379498}.Debug|x64.ActiveCfg = Debug|Any CPU
		{FF6F9306-47C8-4613-A7FB-0BA0AB379498}.Debug|x64.Build.0 = Debug|Any CPU
		{FF6F9306-47C8-4613-A7FB-0BA0AB379498}.Debug|x86.ActiveCfg = Debug|Any CPU
		{FF6F9306-47C8-4613-A7FB-0BA0AB379498}.Debug|x86.Build.0 = Debug|Any CPU
		{FF6F9306-47C8-4613-A7FB-0BA0AB379498}.Release|Any CPU.ActiveCfg = Release|Any CPU
		{FF6F9306-47C8-4613-A7FB-0BA0AB379498}.Release|Any CPU.Build.0 = Release|Any CPU
		{FF6F9306-47C8-4613-A7FB-0BA0AB379498}.Release|x64.ActiveCfg = Release|Any CPU
		{FF6F9306-47C8-4613-A7FB-0BA0AB379498}.Release|x64.Build.0 = Release|Any CPU
		{FF6F9306-47C8-4613-A7FB-0BA0AB379498}.Release|x86.ActiveCfg = Release|Any CPU
		{FF6F9306-47C8-4613-A7FB-0BA0AB379498}.Release|x86.Build.0 = Release|Any CPU
		{B682161D-96E1-4584-872D-1409CD7E0B21}.Debug|Any CPU.ActiveCfg = Debug|Any CPU
		{B682161D-96E1-4584-872D-1409CD7E0B21}.Debug|Any CPU.Build.0 = Debug|Any CPU
		{B682161D-96E1-4584-872D-1409CD7E0B21}.Debug|x64.ActiveCfg = Debug|Any CPU
		{B682161D-96E1-4584-872D-1409CD7E0B21}.Debug|x64.Build.0 = Debug|Any CPU
		{B682161D-96E1-4584-872D-1409CD7E0B21}.Debug|x86.ActiveCfg = Debug|Any CPU
		{B682161D-96E1-4584-872D-1409CD7E0B21}.Debug|x86.Build.0 = Debug|Any CPU
		{B682161D-96E1-4584-872D-1409CD7E0B21}.Release|Any CPU.ActiveCfg = Release|Any CPU
		{B682161D-96E1-4584-872D-1409CD7E0B21}.Release|Any CPU.Build.0 = Release|Any CPU
		{B682161D-96E1-4584-872D-1409CD7E0B21}.Release|x64.ActiveCfg = Release|Any CPU
		{B682161D-96E1-4584-872D-1409CD7E0B21}.Release|x64.Build.0 = Release|Any CPU
		{B682161D-96E1-4584-872D-1409CD7E0B21}.Release|x86.ActiveCfg = Release|Any CPU
		{B682161D-96E1-4584-872D-1409CD7E0B21}.Release|x86.Build.0 = Release|Any CPU
		{C42CBC71-AEA8-4139-8DAF-88A15F605BD2}.Debug|Any CPU.ActiveCfg = Debug|Any CPU
		{C42CBC71-AEA8-4139-8DAF-88A15F605BD2}.Debug|Any CPU.Build.0 = Debug|Any CPU
		{C42CBC71-AEA8-4139-8DAF-88A15F605BD2}.Debug|x64.ActiveCfg = Debug|Any CPU
		{C42CBC71-AEA8-4139-8DAF-88A15F605BD2}.Debug|x64.Build.0 = Debug|Any CPU
		{C42CBC71-AEA8-4139-8DAF-88A15F605BD2}.Debug|x86.ActiveCfg = Debug|Any CPU
		{C42CBC71-AEA8-4139-8DAF-88A15F605BD2}.Debug|x86.Build.0 = Debug|Any CPU
		{C42CBC71-AEA8-4139-8DAF-88A15F605BD2}.Release|Any CPU.ActiveCfg = Release|Any CPU
		{C42CBC71-AEA8-4139-8DAF-88A15F605BD2}.Release|Any CPU.Build.0 = Release|Any CPU
		{C42CBC71-AEA8-4139-8DAF-88A15F605BD2}.Release|x64.ActiveCfg = Release|Any CPU
		{C42CBC71-AEA8-4139-8DAF-88A15F605BD2}.Release|x64.Build.0 = Release|Any CPU
		{C42CBC71-AEA8-4139-8DAF-88A15F605BD2}.Release|x86.ActiveCfg = Release|Any CPU
		{C42CBC71-AEA8-4139-8DAF-88A15F605BD2}.Release|x86.Build.0 = Release|Any CPU
		{1AC40199-9A6F-4430-8044-2E608EBC60D0}.Debug|Any CPU.ActiveCfg = Debug|Any CPU
		{1AC40199-9A6F-4430-8044-2E608EBC60D0}.Debug|Any CPU.Build.0 = Debug|Any CPU
		{1AC40199-9A6F-4430-8044-2E608EBC60D0}.Debug|x64.ActiveCfg = Debug|Any CPU
		{1AC40199-9A6F-4430-8044-2E608EBC60D0}.Debug|x64.Build.0 = Debug|Any CPU
		{1AC40199-9A6F-4430-8044-2E608EBC60D0}.Debug|x86.ActiveCfg = Debug|Any CPU
		{1AC40199-9A6F-4430-8044-2E608EBC60D0}.Debug|x86.Build.0 = Debug|Any CPU
		{1AC40199-9A6F-4430-8044-2E608EBC60D0}.Release|Any CPU.ActiveCfg = Release|Any CPU
		{1AC40199-9A6F-4430-8044-2E608EBC60D0}.Release|Any CPU.Build.0 = Release|Any CPU
		{1AC40199-9A6F-4430-8044-2E608EBC60D0}.Release|x64.ActiveCfg = Release|Any CPU
		{1AC40199-9A6F-4430-8044-2E608EBC60D0}.Release|x64.Build.0 = Release|Any CPU
		{1AC40199-9A6F-4430-8044-2E608EBC60D0}.Release|x86.ActiveCfg = Release|Any CPU
		{1AC40199-9A6F-4430-8044-2E608EBC60D0}.Release|x86.Build.0 = Release|Any CPU
		{26F934F2-EA45-4BC0-BE5E-9BA7A68D3D7D}.Debug|Any CPU.ActiveCfg = Debug|Any CPU
		{26F934F2-EA45-4BC0-BE5E-9BA7A68D3D7D}.Debug|Any CPU.Build.0 = Debug|Any CPU
		{26F934F2-EA45-4BC0-BE5E-9BA7A68D3D7D}.Debug|x64.ActiveCfg = Debug|x64
		{26F934F2-EA45-4BC0-BE5E-9BA7A68D3D7D}.Debug|x86.ActiveCfg = Debug|x86
		{26F934F2-EA45-4BC0-BE5E-9BA7A68D3D7D}.Release|Any CPU.ActiveCfg = Release|Any CPU
		{26F934F2-EA45-4BC0-BE5E-9BA7A68D3D7D}.Release|Any CPU.Build.0 = Release|Any CPU
		{26F934F2-EA45-4BC0-BE5E-9BA7A68D3D7D}.Release|x64.ActiveCfg = Release|x64
		{26F934F2-EA45-4BC0-BE5E-9BA7A68D3D7D}.Release|x86.ActiveCfg = Release|x86
		{6D8903CA-B842-48F1-BC3D-FFF68CCA68C6}.Debug|Any CPU.ActiveCfg = Debug|Any CPU
		{6D8903CA-B842-48F1-BC3D-FFF68CCA68C6}.Debug|Any CPU.Build.0 = Debug|Any CPU
		{6D8903CA-B842-48F1-BC3D-FFF68CCA68C6}.Debug|x64.ActiveCfg = Debug|Any CPU
		{6D8903CA-B842-48F1-BC3D-FFF68CCA68C6}.Debug|x64.Build.0 = Debug|Any CPU
		{6D8903CA-B842-48F1-BC3D-FFF68CCA68C6}.Debug|x86.ActiveCfg = Debug|Any CPU
		{6D8903CA-B842-48F1-BC3D-FFF68CCA68C6}.Debug|x86.Build.0 = Debug|Any CPU
		{6D8903CA-B842-48F1-BC3D-FFF68CCA68C6}.Release|Any CPU.ActiveCfg = Release|Any CPU
		{6D8903CA-B842-48F1-BC3D-FFF68CCA68C6}.Release|Any CPU.Build.0 = Release|Any CPU
		{6D8903CA-B842-48F1-BC3D-FFF68CCA68C6}.Release|x64.ActiveCfg = Release|Any CPU
		{6D8903CA-B842-48F1-BC3D-FFF68CCA68C6}.Release|x64.Build.0 = Release|Any CPU
		{6D8903CA-B842-48F1-BC3D-FFF68CCA68C6}.Release|x86.ActiveCfg = Release|Any CPU
		{6D8903CA-B842-48F1-BC3D-FFF68CCA68C6}.Release|x86.Build.0 = Release|Any CPU
		{04597E5A-42DC-47E5-8572-00A9ECF13C85}.Debug|Any CPU.ActiveCfg = Debug|Any CPU
		{04597E5A-42DC-47E5-8572-00A9ECF13C85}.Debug|x64.ActiveCfg = Debug|Any CPU
		{04597E5A-42DC-47E5-8572-00A9ECF13C85}.Debug|x86.ActiveCfg = Debug|Any CPU
		{04597E5A-42DC-47E5-8572-00A9ECF13C85}.Release|Any CPU.ActiveCfg = Release|Any CPU
		{04597E5A-42DC-47E5-8572-00A9ECF13C85}.Release|x64.ActiveCfg = Release|Any CPU
		{04597E5A-42DC-47E5-8572-00A9ECF13C85}.Release|x86.ActiveCfg = Release|Any CPU
	EndGlobalSection
	GlobalSection(SolutionProperties) = preSolution
		HideSolutionNode = FALSE
	EndGlobalSection
	GlobalSection(NestedProjects) = preSolution
		{C7A67E47-EC0F-4BA3-9C67-20C8AB14C29B} = {A3076507-5989-4BDE-A1FD-E920A50394D8}
		{CD7F2E1D-9F3A-4B99-A315-BB634373F3B4} = {8FD3C203-ACA7-47B8-B64F-86DDC6989AD6}
		{FF6F9306-47C8-4613-A7FB-0BA0AB379498} = {8FD3C203-ACA7-47B8-B64F-86DDC6989AD6}
		{B682161D-96E1-4584-872D-1409CD7E0B21} = {A3076507-5989-4BDE-A1FD-E920A50394D8}
		{C42CBC71-AEA8-4139-8DAF-88A15F605BD2} = {8FD3C203-ACA7-47B8-B64F-86DDC6989AD6}
		{1AC40199-9A6F-4430-8044-2E608EBC60D0} = {A3076507-5989-4BDE-A1FD-E920A50394D8}
		{26F934F2-EA45-4BC0-BE5E-9BA7A68D3D7D} = {8FD3C203-ACA7-47B8-B64F-86DDC6989AD6}
		{6D8903CA-B842-48F1-BC3D-FFF68CCA68C6} = {A3076507-5989-4BDE-A1FD-E920A50394D8}
		{04597E5A-42DC-47E5-8572-00A9ECF13C85} = {8FD3C203-ACA7-47B8-B64F-86DDC6989AD6}
	EndGlobalSection
EndGlobal
